
Microsoft Visual Studio Solution File, Format Version 12.00
# Visual Studio Version 17
VisualStudioVersion = 17.1.32328.378
MinimumVisualStudioVersion = 10.0.40219.1
Project("{FAE04EC0-301F-11D3-BF4B-00C04F79EFBC}") = "Teledock_Web_Application", "Teledock_Web_Application.csproj", "{9813FC14-D000-4FE4-A8E7-1BE1C852C4C6}"
EndProject
Global
	GlobalSection(SolutionConfigurationPlatforms) = preSolution
		Debug|Any CPU = Debug|Any CPU
		Release|Any CPU = Release|Any CPU
	EndGlobalSection
	GlobalSection(ProjectConfigurationPlatforms) = postSolution
		{9813FC14-D000-4FE4-A8E7-1BE1C852C4C6}.Debug|Any CPU.ActiveCfg = Debug|Any CPU
		{9813FC14-D000-4FE4-A8E7-1BE1C852C4C6}.Debug|Any CPU.Build.0 = Debug|Any CPU
		{9813FC14-D000-4FE4-A8E7-1BE1C852C4C6}.Release|Any CPU.ActiveCfg = Release|Any CPU
		{9813FC14-D000-4FE4-A8E7-1BE1C852C4C6}.Release|Any CPU.Build.0 = Release|Any CPU
	EndGlobalSection
	GlobalSection(SolutionProperties) = preSolution
		HideSolutionNode = FALSE
	EndGlobalSection
	GlobalSection(ExtensibilityGlobals) = postSolution
		SolutionGuid = {C359645B-241B-4007-AABA-EDB7ED42C114}
	EndGlobalSection
EndGlobal
